{
  "name": "@shreyank23/medium-common",
  "version": "1.0.4",
  "lockfileVersion": 3,
  "requires": true,
  "packages": {
    "": {
      "name": "@shreyank23/medium-common",
      "version": "1.0.4",
      "license": "ISC",
      "dependencies": {
        "@shreyank23/medium-common": "^1.0.4",
        "zod": "^3.23.8"
      }
    },
    "node_modules/@shreyank23/medium-common": {
      "version": "1.0.4",
      "resolved": "https://registry.npmjs.org/@shreyank23/medium-common/-/medium-common-1.0.4.tgz",
      "integrity": "sha512-mdlJjRupdUVTyksC07e/6vpUJEp1I77QLYOfZEinJAAtK5Twl39zyTe4p5nlahkP6OtrS0eWvewRKI2f51gdHw==",
      "dependencies": {
        "zod": "^3.23.8"
      }
    },
    "node_modules/zod": {
      "version": "3.23.8",
      "resolved": "https://registry.npmjs.org/zod/-/zod-3.23.8.tgz",
      "integrity": "sha512-XBx9AXhXktjUqnepgTiE5flcKIYWi/rme0Eaj+5Y0lftuGBq+jyRu/md4WnuxqgP1ubdpNCsYEYPxrzVHD8d6g==",
      "funding": {
        "url": "https://github.com/sponsors/colinhacks"
      }
    }
  }
}
